// !$*UTF8*$!
{
	archiveVersion = 1;
	classes = {
	};
	objectVersion = 46;
	objects = {

/* Begin PBXBuildFile section */
		34AA00971F70B62000BEE520 /* AppDelegate.swift in Sources */ = {isa = PBXBuildFile; fileRef = 34AA00961F70B62000BEE520 /* AppDelegate.swift */; };
		34AA00991F70B62000BEE520 /* ViewController.swift in Sources */ = {isa = PBXBuildFile; fileRef = 34AA00981F70B62000BEE520 /* ViewController.swift */; };
		34AA009C1F70B62000BEE520 /* Main.storyboard in Resources */ = {isa = PBXBuildFile; fileRef = 34AA009A1F70B62000BEE520 /* Main.storyboard */; };
		34AA009E1F70B62000BEE520 /* Assets.xcassets in Resources */ = {isa = PBXBuildFile; fileRef = 34AA009D1F70B62000BEE520 /* Assets.xcassets */; };
		34AA00A11F70B62000BEE520 /* LaunchScreen.storyboard in Resources */ = {isa = PBXBuildFile; fileRef = 34AA009F1F70B62000BEE520 /* LaunchScreen.storyboard */; };
		34AA00AA1F70B63900BEE520 /* MapKit.framework in Frameworks */ = {isa = PBXBuildFile; fileRef = 34AA00A91F70B63900BEE520 /* MapKit.framework */; };
		34AA00AE1F70B9B700BEE520 /* ViewPoint3.plist in Resources */ = {isa = PBXBuildFile; fileRef = 34AA00AD1F70B9B700BEE520 /* ViewPoint3.plist */; };
/* End PBXBuildFile section */

/* Begin PBXFileReference section */
		34AA00931F70B62000BEE520 /* 01.Map_Pin_PList.app */ = {isa = PBXFileReference; explicitFileType = wrapper.application; includeInIndex = 0; path = 01.Map_Pin_PList.app; sourceTree = BUILT_PRODUCTS_DIR; };
		34AA00961F70B62000BEE520 /* AppDelegate.swift */ = {isa = PBXFileReference; lastKnownFileType = sourcecode.swift; path = AppDelegate.swift; sourceTree = "<group>"; };
		34AA00981F70B62000BEE520 /* ViewController.swift */ = {isa = PBXFileReference; lastKnownFileType = sourcecode.swift; path = ViewController.swift; sourceTree = "<group>"; };
		34AA009B1F70B62000BEE520 /* Base */ = {isa = PBXFileReference; lastKnownFileType = file.storyboard; name = Base; path = Base.lproj/Main.storyboard; sourceTree = "<group>"; };
		34AA009D1F70B62000BEE520 /* Assets.xcassets */ = {isa = PBXFileReference; lastKnownFileType = folder.assetcatalog; path = Assets.xcassets; sourceTree = "<group>"; };
		34AA00A01F70B62000BEE520 /* Base */ = {isa = PBXFileReference; lastKnownFileType = file.storyboard; name = Base; path = Base.lproj/LaunchScreen.storyboard; sourceTree = "<group>"; };
		34AA00A21F70B62000BEE520 /* Info.plist */ = {isa = PBXFileReference; lastKnownFileType = text.plist.xml; path = Info.plist; sourceTree = "<group>"; };
		34AA00A91F70B63900BEE520 /* MapKit.framework */ = {isa = PBXFileReference; lastKnownFileType = wrapper.framework; name = MapKit.framework; path = System/Library/Frameworks/MapKit.framework; sourceTree = SDKROOT; };
		34AA00AD1F70B9B700BEE520 /* ViewPoint3.plist */ = {isa = PBXFileReference; fileEncoding = 4; lastKnownFileType = text.plist.xml; name = ViewPoint3.plist; path = "../../../../MapPinPList-master 2/MapPinPLiist/ViewPoint3.plist"; sourceTree = "<group>"; };
/* End PBXFileReference section */

/* Begin PBXFrameworksBuildPhase section */
		34AA00901F70B62000BEE520 /* Frameworks */ = {
			isa = PBXFrameworksBuildPhase;
			buildActionMask = 2147483647;
			files = (
				34AA00AA1F70B63900BEE520 /* MapKit.framework in Frameworks */,
			);
			runOnlyForDeploymentPostprocessing = 0;
		};
/* End PBXFrameworksBuildPhase section */

/* Begin PBXGroup section */
		34AA008A1F70B62000BEE520 = {
			isa = PBXGroup;
			children = (
				34AA00951F70B62000BEE520 /* 01.Map_Pin_PList */,
				34AA00941F70B62000BEE520 /* Products */,
				34AA00A81F70B63900BEE520 /* Frameworks */,
			);
			sourceTree = "<group>";
		};
		34AA00941F70B62000BEE520 /* Products */ = {
			isa = PBXGroup;
			children = (
				34AA00931F70B62000BEE520 /* 01.Map_Pin_PList.app */,
			);
			name = Products;
			sourceTree = "<group>";
		};
		34AA00951F70B62000BEE520 /* 01.Map_Pin_PList */ = {
			isa = PBXGroup;
			children = (
				34AA00AD1F70B9B700BEE520 /* ViewPoint3.plist */,
				34AA00961F70B62000BEE520 /* AppDelegate.swift */,
				34AA00981F70B62000BEE520 /* ViewController.swift */,
				34AA009A1F70B62000BEE520 /* Main.storyboard */,
				34AA009D1F70B62000BEE520 /* Assets.xcassets */,
				34AA009F1F70B62000BEE520 /* LaunchScreen.storyboard */,
				34AA00A21F70B62000BEE520 /* Info.plist */,
			);
			path = 01.Map_Pin_PList;
			sourceTree = "<group>";
		};
		34AA00A81F70B63900BEE520 /* Frameworks */ = {
			isa = PBXGroup;
			children = (
				34AA00A91F70B63900BEE520 /* MapKit.framework */,
			);
			name = Frameworks;
			sourceTree = "<group>";
		};
/* End PBXGroup section */

/* Begin PBXNativeTarget section */
		34AA00921F70B62000BEE520 /* 01.Map_Pin_PList */ = {
			isa = PBXNativeTarget;
			buildConfigurationList = 34AA00A51F70B62000BEE520 /* Build configuration list for PBXNativeTarget "01.Map_Pin_PList" */;
			buildPhases = (
				34AA008F1F70B62000BEE520 /* Sources */,
				34AA00901F70B62000BEE520 /* Frameworks */,
				34AA00911F70B62000BEE520 /* Resources */,
			);
			buildRules = (
			);
			dependencies = (
			);
			name = 01.Map_Pin_PList;
			productName = 01.Map_Pin_PList;
			productReference = 34AA00931F70B62000BEE520 /* 01.Map_Pin_PList.app */;
			productType = "com.apple.product-type.application";
		};
/* End PBXNativeTarget section */

/* Begin PBXProject section */
		34AA008B1F70B62000BEE520 /* Project object */ = {
			isa = PBXProject;
			attributes = {
				LastSwiftUpdateCheck = 0830;
				LastUpgradeCheck = 0830;
				ORGANIZATIONNAME = KangMinWoo;
				TargetAttributes = {
					34AA00921F70B62000BEE520 = {
						CreatedOnToolsVersion = 8.3.3;
						ProvisioningStyle = Automatic;
					};
				};
			};
			buildConfigurationList = 34AA008E1F70B62000BEE520 /* Build configuration list for PBXProject "01.Map_Pin_PList" */;
			compatibilityVersion = "Xcode 3.2";
			developmentRegion = English;
			hasScannedForEncodings = 0;
			knownRegions = (
				en,
				Base,
			);
			mainGroup = 34AA008A1F70B62000BEE520;
			productRefGroup = 34AA00941F70B62000BEE520 /* Products */;
			projectDirPath = "";
			projectRoot = "";
			targets = (
				34AA00921F70B62000BEE520 /* 01.Map_Pin_PList */,
			);
		};
/* End PBXProject section */

/* Begin PBXResourcesBuildPhase section */
		34AA00911F70B62000BEE520 /* Resources */ = {
			isa = PBXResourcesBuildPhase;
			buildActionMask = 2147483647;
			files = (
				34AA00A11F70B62000BEE520 /* LaunchScreen.storyboard in Resources */,
				34AA009E1F70B62000BEE520 /* Assets.xcassets in Resources */,
				34AA00AE1F70B9B700BEE520 /* ViewPoint3.plist in Resources */,
				34AA009C1F70B62000BEE520 /* Main.storyboard in Resources */,
			);
			runOnlyForDeploymentPostprocessing = 0;
		};
/* End PBXResourcesBuildPhase section */

/* Begin PBXSourcesBuildPhase section */
		34AA008F1F70B62000BEE520 /* Sources */ = {
			isa = PBXSourcesBuildPhase;
			buildActionMask = 2147483647;
			files = (
				34AA00991F70B62000BEE520 /* ViewController.swift in Sources */,
				34AA00971F70B62000BEE520 /* AppDelegate.swift in Sources */,
			);
			runOnlyForDeploymentPostprocessing = 0;
		};
/* End PBXSourcesBuildPhase section */

/* Begin PBXVariantGroup section */
		34AA009A1F70B62000BEE520 /* Main.storyboard */ = {
			isa = PBXVariantGroup;
			children = (
				34AA009B1F70B62000BEE520 /* Base */,
			);
			name = Main.storyboard;
			sourceTree = "<group>";
		};
		34AA009F1F70B62000BEE520 /* LaunchScreen.storyboard */ = {
			isa = PBXVariantGroup;
			children = (
				34AA00A01F70B62000BEE520 /* Base */,
			);
			name = LaunchScreen.storyboard;
			sourceTree = "<group>";
		};
/* End PBXVariantGroup section */

/* Begin XCBuildConfiguration section */
		34AA00A31F70B62000BEE520 /* Debug */ = {
			isa = XCBuildConfiguration;
			buildSettings = {
				ALWAYS_SEARCH_USER_PATHS = NO;
				CLANG_ANALYZER_NONNULL = YES;
				CLANG_ANALYZER_NUMBER_OBJECT_CONVERSION = YES_AGGRESSIVE;
				CLANG_CXX_LANGUAGE_STANDARD = "gnu++0x";
				CLANG_CXX_LIBRARY = "libc++";
				CLANG_ENABLE_MODULES = YES;
				CLANG_ENABLE_OBJC_ARC = YES;
				CLANG_WARN_BOOL_CONVERSION = YES;
				CLANG_WARN_CONSTANT_CONVERSION = YES;
				CLANG_WARN_DIRECT_OBJC_ISA_USAGE = YES_ERROR;
				CLANG_WARN_DOCUMENTATION_COMMENTS = YES;
				CLANG_WARN_EMPTY_BODY = YES;
				CLANG_WARN_ENUM_CONVERSION = YES;
				CLANG_WARN_INFINITE_RECURSION = YES;
				CLANG_WARN_INT_CONVERSION = YES;
				CLANG_WARN_OBJC_ROOT_CLASS = YES_ERROR;
				CLANG_WARN_SUSPICIOUS_MOVE = YES;
				CLANG_WARN_UNREACHABLE_CODE = YES;
				CLANG_WARN__DUPLICATE_METHOD_MATCH = YES;
				"CODE_SIGN_IDENTITY[sdk=iphoneos*]" = "iPhone Developer";
				COPY_PHASE_STRIP = NO;
				DEBUG_INFORMATION_FORMAT = dwarf;
				ENABLE_STRICT_OBJC_MSGSEND = YES;
				ENABLE_TESTABILITY = YES;
				GCC_C_LANGUAGE_STANDARD = gnu99;
				GCC_DYNAMIC_NO_PIC = NO;
				GCC_NO_COMMON_BLOCKS = YES;
				GCC_OPTIMIZATION_LEVEL = 0;
				GCC_PREPROCESSOR_DEFINITIONS = (
					"DEBUG=1",
					"$(inherited)",
				);
				GCC_WARN_64_TO_32_BIT_CONVERSION = YES;
				GCC_WARN_ABOUT_RETURN_TYPE = YES_ERROR;
				GCC_WARN_UNDECLARED_SELECTOR = YES;
				GCC_WARN_UNINITIALIZED_AUTOS = YES_AGGRESSIVE;
				GCC_WARN_UNUSED_FUNCTION = YES;
				GCC_WARN_UNUSED_VARIABLE = YES;
				IPHONEOS_DEPLOYMENT_TARGET = 10.3;
				MTL_ENABLE_DEBUG_INFO = YES;
				ONLY_ACTIVE_ARCH = YES;
				SDKROOT = iphoneos;
				SWIFT_ACTIVE_COMPILATION_CONDITIONS = DEBUG;
				SWIFT_OPTIMIZATION_LEVEL = "-Onone";
			};
			name = Debug;
		};
		34AA00A41F70B62000BEE520 /* Release */ = {
			isa = XCBuildConfiguration;
			buildSettings = {
				ALWAYS_SEARCH_USER_PATHS = NO;
				CLANG_ANALYZER_NONNULL = YES;
				CLANG_ANALYZER_NUMBER_OBJECT_CONVERSION = YES_AGGRESSIVE;
				CLANG_CXX_LANGUAGE_STANDARD = "gnu++0x";
				CLANG_CXX_LIBRARY = "libc++";
				CLANG_ENABLE_MODULES = YES;
				CLANG_ENABLE_OBJC_ARC = YES;
				CLANG_WARN_BOOL_CONVERSION = YES;
				CLANG_WARN_CONSTANT_CONVERSION = YES;
				CLANG_WARN_DIRECT_OBJC_ISA_USAGE = YES_ERROR;
				CLANG_WARN_DOCUMENTATION_COMMENTS = YES;
				CLANG_WARN_EMPTY_BODY = YES;
				CLANG_WARN_ENUM_CONVERSION = YES;
				CLANG_WARN_INFINITE_RECURSION = YES;
				CLANG_WARN_INT_CONVERSION = YES;
				CLANG_WARN_OBJC_ROOT_CLASS = YES_ERROR;
				CLANG_WARN_SUSPICIOUS_MOVE = YES;
				CLANG_WARN_UNREACHABLE_CODE = YES;
				CLANG_WARN__DUPLICATE_METHOD_MATCH = YES;
				"CODE_SIGN_IDENTITY[sdk=iphoneos*]" = "iPhone Developer";
				COPY_PHASE_STRIP = NO;
				DEBUG_INFORMATION_FORMAT = "dwarf-with-dsym";
				ENABLE_NS_ASSERTIONS = NO;
				ENABLE_STRICT_OBJC_MSGSEND = YES;
				GCC_C_LANGUAGE_STANDARD = gnu99;
				GCC_NO_COMMON_BLOCKS = YES;
				GCC_WARN_64_TO_32_BIT_CONVERSION = YES;
				GCC_WARN_ABOUT_RETURN_TYPE = YES_ERROR;
				GCC_WARN_UNDECLARED_SELECTOR = YES;
				GCC_WARN_UNINITIALIZED_AUTOS = YES_AGGRESSIVE;
				GCC_WARN_UNUSED_FUNCTION = YES;
				GCC_WARN_UNUSED_VARIABLE = YES;
				IPHONEOS_DEPLOYMENT_TARGET = 10.3;
				MTL_ENABLE_DEBUG_INFO = NO;
				SDKROOT = iphoneos;
				SWIFT_OPTIMIZATION_LEVEL = "-Owholemodule";
				VALIDATE_PRODUCT = YES;
			};
			name = Release;
		};
		34AA00A61F70B62000BEE520 /* Debug */ = {
			isa = XCBuildConfiguration;
			buildSettings = {
				ASSETCATALOG_COMPILER_APPICON_NAME = AppIcon;
				INFOPLIST_FILE = 01.Map_Pin_PList/Info.plist;
				LD_RUNPATH_SEARCH_PATHS = "$(inherited) @executable_path/Frameworks";
				PRODUCT_BUNDLE_IDENTIFIER = "ffcfdeev.-1-Map-Pin-PList";
				PRODUCT_NAME = "$(TARGET_NAME)";
				SWIFT_VERSION = 3.0;
			};
			name = Debug;
		};
		34AA00A71F70B62000BEE520 /* Release */ = {
			isa = XCBuildConfiguration;
			buildSettings = {
				ASSETCATALOG_COMPILER_APPICON_NAME = AppIcon;
				INFOPLIST_FILE = 01.Map_Pin_PList/Info.plist;
				LD_RUNPATH_SEARCH_PATHS = "$(inherited) @executable_path/Frameworks";
				PRODUCT_BUNDLE_IDENTIFIER = "ffcfdeev.-1-Map-Pin-PList";
				PRODUCT_NAME = "$(TARGET_NAME)";
				SWIFT_VERSION = 3.0;
			};
			name = Release;
		};
/* End XCBuildConfiguration section */

/* Begin XCConfigurationList section */
		34AA008E1F70B62000BEE520 /* Build configuration list for PBXProject "01.Map_Pin_PList" */ = {
			isa = XCConfigurationList;
			buildConfigurations = (
				34AA00A31F70B62000BEE520 /* Debug */,
				34AA00A41F70B62000BEE520 /* Release */,
			);
			defaultConfigurationIsVisible = 0;
			defaultConfigurationName = Release;
		};
		34AA00A51F70B62000BEE520 /* Build configuration list for PBXNativeTarget "01.Map_Pin_PList" */ = {
			isa = XCConfigurationList;
			buildConfigurations = (
				34AA00A61F70B62000BEE520 /* Debug */,
				34AA00A71F70B62000BEE520 /* Release */,
			);
			defaultConfigurationIsVisible = 0;
		};
/* End XCConfigurationList section */
	};
	rootObject = 34AA008B1F70B62000BEE520 /* Project object */;
}
